
Microsoft Visual Studio Solution File, Format Version 12.00
# Visual Studio 2012
Project("{FAE04EC0-301F-11D3-BF4B-00C04F79EFBC}") = "SupplyManager.Web", "SupplyManager.Web\SupplyManager.Web.csproj", "{2BBF89AB-44B6-4AC6-8024-F362255BBC43}"
EndProject
Project("{FAE04EC0-301F-11D3-BF4B-00C04F79EFBC}") = "SupplyManager.Dominio", "SupplyManager.Dominio\SupplyManager.Dominio.csproj", "{EA0F32BF-D35B-47F2-9314-24712F1A9BAD}"
EndProject
Project("{FAE04EC0-301F-11D3-BF4B-00C04F79EFBC}") = "SupplyManager.Comum", "SupplyManager.Comum\SupplyManager.Comum.csproj", "{7F1688AE-0E9A-4608-86B0-DADF0441EA4C}"
EndProject
Global
	GlobalSection(SolutionConfigurationPlatforms) = preSolution
		Debug|Any CPU = Debug|Any CPU
		Release|Any CPU = Release|Any CPU
	EndGlobalSection
	GlobalSection(ProjectConfigurationPlatforms) = postSolution
		{2BBF89AB-44B6-4AC6-8024-F362255BBC43}.Debug|Any CPU.ActiveCfg = Debug|Any CPU
		{2BBF89AB-44B6-4AC6-8024-F362255BBC43}.Debug|Any CPU.Build.0 = Debug|Any CPU
		{2BBF89AB-44B6-4AC6-8024-F362255BBC43}.Release|Any CPU.ActiveCfg = Release|Any CPU
		{2BBF89AB-44B6-4AC6-8024-F362255BBC43}.Release|Any CPU.Build.0 = Release|Any CPU
		{EA0F32BF-D35B-47F2-9314-24712F1A9BAD}.Debug|Any CPU.ActiveCfg = Debug|Any CPU
		{EA0F32BF-D35B-47F2-9314-24712F1A9BAD}.Debug|Any CPU.Build.0 = Debug|Any CPU
		{EA0F32BF-D35B-47F2-9314-24712F1A9BAD}.Release|Any CPU.ActiveCfg = Release|Any CPU
		{EA0F32BF-D35B-47F2-9314-24712F1A9BAD}.Release|Any CPU.Build.0 = Release|Any CPU
		{7F1688AE-0E9A-4608-86B0-DADF0441EA4C}.Debug|Any CPU.ActiveCfg = Debug|Any CPU
		{7F1688AE-0E9A-4608-86B0-DADF0441EA4C}.Debug|Any CPU.Build.0 = Debug|Any CPU
		{7F1688AE-0E9A-4608-86B0-DADF0441EA4C}.Release|Any CPU.ActiveCfg = Release|Any CPU
		{7F1688AE-0E9A-4608-86B0-DADF0441EA4C}.Release|Any CPU.Build.0 = Release|Any CPU
	EndGlobalSection
	GlobalSection(SolutionProperties) = preSolution
		HideSolutionNode = FALSE
	EndGlobalSection
EndGlobal
